"@babel/sample@^7.25.3":
  version "7.26.4"
  dependencies:
    "@babel/xxxx" "^7.6.2"
    "@babel/yyyyyyy" "^7.6.3"
    "@babel/aaaaa" "^7.6.8"
    "@babel/bbbbbbb" "^7.2.9"
    "@babel/cccc" "^7.6.3"
    ddddd "^11.3.1"
    gggggggg "^14.1.0"

"@ctrl/shared-torrent@^6.3.0":
  version "6.3.1"
  dependencies:
    "@ahmedhfarag/ngx-virtual-scroller" "^3.0.4"
    "@art-ws/common" "^2.0.28"

"oooooo-to-qqq":
  version "31.3.32"

"@st/runtime@^1.2.0":
  version "1.3.1"
  dependencies:
    vvlib "^2.4.0"
    "@crowdstrike/commitlint" "^8.1.1"

"@ess/esc@^2.1.4":
  version "2.1.4"
  dependencies:
    jv "^6.12.4"
    ddddd "^4.3.2"
    eeeeee "^9.6.0"
    ggggggg "^13.19.0"
    iiiiii "^5.2.0"
    ttttt-ffff "^3.2.1"
    aa-yaml "^4.1.0"
    mini "^3.1.2"
    sssss-ts "^3.1.1"
    rxnt-authentication "^0.0.2"
    ngx-ws "^1.0.4"
