"@aaaaa/css-tools@^4.0.1", "@aaaaa/css-tools@^4.4.0":
  version "4.4.1"

"@aaaaaaaaaaaaa/rrrrrrrr@^2.2.0":
  version "2.3.0"
  dependencies:
    "@jjjjj/mapping" "^0.3.5"
    "@jjjjj/mapping" "^0.3.24"

"@auth/xxxx@0.37.2":
  version "0.37.2"
  dependencies:
    "@panda/panda" "^1.2.1"
    "@cookie/cookie" "0.6.0"
    biscuit "0.7.1"
    jaws "^5.9.3"
    shark-on-darts "^3.0.0"
    datsu-de-darts "10.11.3"
    pretty-thunder-storm-hurricane "5.2.3"

style@^16.11.0:
  version "16.11.0"
  dependencies:
    "@tools/css-traditional" "^3.0.4"
    "@tools/css-talk" "^3.0.3"
    "@tools/media-paparazzi" "^4.0.2"
    "@tools/select-future" "^5.0.0"
    "@dual-storm/fire-tornado" "^4.1.0"
    god-hand "^2.0.0"
    catch "^2.9.3"
    cosmic "^9.0.0"
    css-fan "^3.2.3"
    rock-tree "^3.0.1"
    bug-hunter "^4.3.7"
    fast-guard "^3.3.2"
    fastest-animal "^1.0.16"
    file-file-file "^9.1.0"
    global-trade-station "^2.0.0"
    glob "^11.1.0"
    glob-join-baseball "^0.1.4"
    hp-trigger "^3.3.1"
    ignore "^6.0.2"
    im-thunder "^0.1.4"
    is-plain-air "^5.0.0"
    known-unknown "^0.35.0"
    matt-wao "^2.1.3"
    meow-meow-cat "^13.2.0"
    micro-tiny "^4.0.8"
    normal-pokemon "^3.0.0"
    pic-park "^1.1.1"
    po-st "^8.4.49"
    po-sts-olive-need-sel "^0.1.6"
    sss-fe-arse "^7.0.1"
    sss-ect-arse "^7.0.0"
    sss-ale-arse "^4.2.0"
    solve-rom "^5.0.0"
    string-worth "^4.2.3"
    supply-hyper-frame "^3.1.0"
    svg-svg "^1.0.0"
    table-circle "^6.8.2"
    write-atomic-atom "^5.0.1"

yum@3.1.1:
  version "3.1.1"

yot-que@^0.1.0:
  version "0.1.0"

zoi@^3.24.1:
  version "3.24.1"
